
Microsoft Visual Studio Solution File, Format Version 12.00
# Visual Studio Version 16
VisualStudioVersion = 16.0.31410.357
MinimumVisualStudioVersion = 10.0.40219.1
Project("{FAE04EC0-301F-11D3-BF4B-00C04F79EFBC}") = "WebApp", "WebApp.csproj", "{4559EED2-DA1B-4005-AB19-C7624201A3E3}"
EndProject
Global
	GlobalSection(SolutionConfigurationPlatforms) = preSolution
		Debug|Any CPU = Debug|Any CPU
		Release|Any CPU = Release|Any CPU
	EndGlobalSection
	GlobalSection(ProjectConfigurationPlatforms) = postSolution
		{4559EED2-DA1B-4005-AB19-C7624201A3E3}.Debug|Any CPU.ActiveCfg = Debug|Any CPU
		{4559EED2-DA1B-4005-AB19-C7624201A3E3}.Debug|Any CPU.Build.0 = Debug|Any CPU
		{4559EED2-DA1B-4005-AB19-C7624201A3E3}.Release|Any CPU.ActiveCfg = Release|Any CPU
		{4559EED2-DA1B-4005-AB19-C7624201A3E3}.Release|Any CPU.Build.0 = Release|Any CPU
	EndGlobalSection
	GlobalSection(SolutionProperties) = preSolution
		HideSolutionNode = FALSE
	EndGlobalSection
	GlobalSection(ExtensibilityGlobals) = postSolution
		SolutionGuid = {4118D989-6FAA-4DCC-BF6F-B8EE00C11AFE}
	EndGlobalSection
EndGlobal
